<?xml version="1.0" encoding="utf-8"?>
<Project ToolsVersion="4.0" xmlns="http://schemas.microsoft.com/developer/msbuild/2003">
  <ItemGroup>
    <Filter Include="game">
      <UniqueIdentifier>{9F35977C-8B6C-980D-3459-7E10206F140F}</UniqueIdentifier>
    </Filter>
    <Filter Include="game\Entities">
      <UniqueIdentifier>{33117483-9FD1-EFB9-680C-3937D48B3496}</UniqueIdentifier>
    </Filter>
    <Filter Include="game\platform">
      <UniqueIdentifier>{F3D0FB6C-5F91-77A3-28CC-C020944BBC7F}</UniqueIdentifier>
    </Filter>
    <Filter Include="tools">
      <UniqueIdentifier>{36DF7010-A2F3-98C1-6B75-3C21D74895F2}</UniqueIdentifier>
    </Filter>
  </ItemGroup>
  <ItemGroup>
    <ClInclude Include="..\..\source\target\game\Entities\Entity.h">
      <Filter>game\Entities</Filter>
    </ClInclude>
    <ClInclude Include="..\..\source\target\game\GameStdAfx.h">
      <Filter>game</Filter>
    </ClInclude>
    <ClInclude Include="..\..\source\target\game\platform\EntryPoint.h">
      <Filter>game\platform</Filter>
    </ClInclude>
    <ClInclude Include="..\..\source\target\tools\string_tools.h">
      <Filter>tools</Filter>
    </ClInclude>
  </ItemGroup>
  <ItemGroup>
    <ClCompile Include="..\..\source\target\game\GameStdAfx.cpp">
      <Filter>game</Filter>
    </ClCompile>
    <ClCompile Include="..\..\source\target\game\platform\EntryPoint.cpp">
      <Filter>game\platform</Filter>
    </ClCompile>
  </ItemGroup>
</Project>